
Microsoft Visual Studio Solution File, Format Version 12.00
# Visual Studio Version 16
VisualStudioVersion = 25.0.1704.2
MinimumVisualStudioVersion = 10.0.40219.1
Project("{FAE04EC0-301F-11D3-BF4B-00C04F79EFBC}") = "alqoritm suali 10", "alqoritm suali 10\alqoritm suali 10.csproj", "{4037F7F6-6504-4DA2-B544-CA0AD84D695D}"
EndProject
Global
	GlobalSection(SolutionConfigurationPlatforms) = preSolution
		Debug|Any CPU = Debug|Any CPU
		Release|Any CPU = Release|Any CPU
	EndGlobalSection
	GlobalSection(ProjectConfigurationPlatforms) = postSolution
		{4037F7F6-6504-4DA2-B544-CA0AD84D695D}.Debug|Any CPU.ActiveCfg = Debug|Any CPU
		{4037F7F6-6504-4DA2-B544-CA0AD84D695D}.Debug|Any CPU.Build.0 = Debug|Any CPU
		{4037F7F6-6504-4DA2-B544-CA0AD84D695D}.Release|Any CPU.ActiveCfg = Release|Any CPU
		{4037F7F6-6504-4DA2-B544-CA0AD84D695D}.Release|Any CPU.Build.0 = Release|Any CPU
	EndGlobalSection
	GlobalSection(SolutionProperties) = preSolution
		HideSolutionNode = FALSE
	EndGlobalSection
	GlobalSection(ExtensibilityGlobals) = postSolution
		SolutionGuid = {972C17C6-6584-40BE-952B-7EA487F2EFF0}
	EndGlobalSection
EndGlobal
